
Microsoft Visual Studio Solution File, Format Version 12.00
Project("{FAE04EC0-301F-11D3-BF4B-00C04F79EFBC}") = "Test_Comments", "Test_Comments\Test_Comments.csproj", "{AD84DB4A-73D2-4E05-AED6-6920C9E456A2}"
EndProject
Global
	GlobalSection(SolutionConfigurationPlatforms) = preSolution
		Debug|Any CPU = Debug|Any CPU
		Release|Any CPU = Release|Any CPU
	EndGlobalSection
	GlobalSection(ProjectConfigurationPlatforms) = postSolution
		{AD84DB4A-73D2-4E05-AED6-6920C9E456A2}.Debug|Any CPU.ActiveCfg = Debug|Any CPU
		{AD84DB4A-73D2-4E05-AED6-6920C9E456A2}.Debug|Any CPU.Build.0 = Debug|Any CPU
		{AD84DB4A-73D2-4E05-AED6-6920C9E456A2}.Release|Any CPU.ActiveCfg = Release|Any CPU
		{AD84DB4A-73D2-4E05-AED6-6920C9E456A2}.Release|Any CPU.Build.0 = Release|Any CPU
	EndGlobalSection
EndGlobal
